
Microsoft Visual Studio Solution File, Format Version 12.00
# Visual Studio Version 16
VisualStudioVersion = 16.0.32929.386
MinimumVisualStudioVersion = 10.0.40219.1
Project("{FAE04EC0-301F-11D3-BF4B-00C04F79EFBC}") = "ProductsApp", "ProductsApp\ProductsApp.csproj", "{F7329ECD-5E9B-4AC1-B6AD-08C29ADC29E5}"
EndProject
Project("{FAE04EC0-301F-11D3-BF4B-00C04F79EFBC}") = "ProductsApp.Tests", "ProductsApp.Tests\ProductsApp.Tests.csproj", "{158FCE45-FBAF-49A7-9CEE-8A2235EEFFE4}"
EndProject
Global
	GlobalSection(SolutionConfigurationPlatforms) = preSolution
		Debug|Any CPU = Debug|Any CPU
		Release|Any CPU = Release|Any CPU
	EndGlobalSection
	GlobalSection(ProjectConfigurationPlatforms) = postSolution
		{F7329ECD-5E9B-4AC1-B6AD-08C29ADC29E5}.Debug|Any CPU.ActiveCfg = Debug|Any CPU
		{F7329ECD-5E9B-4AC1-B6AD-08C29ADC29E5}.Debug|Any CPU.Build.0 = Debug|Any CPU
		{F7329ECD-5E9B-4AC1-B6AD-08C29ADC29E5}.Release|Any CPU.ActiveCfg = Release|Any CPU
		{F7329ECD-5E9B-4AC1-B6AD-08C29ADC29E5}.Release|Any CPU.Build.0 = Release|Any CPU
		{158FCE45-FBAF-49A7-9CEE-8A2235EEFFE4}.Debug|Any CPU.ActiveCfg = Debug|Any CPU
		{158FCE45-FBAF-49A7-9CEE-8A2235EEFFE4}.Debug|Any CPU.Build.0 = Debug|Any CPU
		{158FCE45-FBAF-49A7-9CEE-8A2235EEFFE4}.Release|Any CPU.ActiveCfg = Release|Any CPU
		{158FCE45-FBAF-49A7-9CEE-8A2235EEFFE4}.Release|Any CPU.Build.0 = Release|Any CPU
	EndGlobalSection
	GlobalSection(SolutionProperties) = preSolution
		HideSolutionNode = FALSE
	EndGlobalSection
	GlobalSection(ExtensibilityGlobals) = postSolution
		SolutionGuid = {664B8FFF-EF9E-429A-A489-73CEDD7FECEB}
	EndGlobalSection
EndGlobal
